<?xml version="1.0" encoding="utf-8"?>
<Project ToolsVersion="16.0" xmlns="http://schemas.microsoft.com/developer/msbuild/2003">
  <ItemGroup>
    <ClCompile Include="C:\shuushi\ihspp_lib-master\ihspp_lib-master\mock_test\mock_test.cpp">
      <Filter>Source Files</Filter>
    </ClCompile>
  </ItemGroup>
  <ItemGroup>
    <CustomBuild Include="C:\shuushi\ihspp_lib-master\ihspp_lib-master\mock_test\CMakeLists.txt" />
  </ItemGroup>
  <ItemGroup>
    <Filter Include="Source Files">
      <UniqueIdentifier>{02C3F47A-AED0-34ED-97C5-CF884310F044}</UniqueIdentifier>
    </Filter>
  </ItemGroup>
</Project>
